
Microsoft Visual Studio Solution File, Format Version 12.00
# Visual Studio 15
VisualStudioVersion = 15.0.28307.329
MinimumVisualStudioVersion = 10.0.40219.1
Project("{8BC9CEB8-8B4A-11D0-8D11-00A0C91BC942}") = "jsonparser", "jsonparser\jsonparser.vcxproj", "{26A67CF6-DF5E-4B39-91F3-C997344BC4D6}"
EndProject
Global
	GlobalSection(SolutionConfigurationPlatforms) = preSolution
		Debug|x64 = Debug|x64
		Debug|x86 = Debug|x86
		Release|x64 = Release|x64
		Release|x86 = Release|x86
	EndGlobalSection
	GlobalSection(ProjectConfigurationPlatforms) = postSolution
		{26A67CF6-DF5E-4B39-91F3-C997344BC4D6}.Debug|x64.ActiveCfg = Debug|x64
		{26A67CF6-DF5E-4B39-91F3-C997344BC4D6}.Debug|x64.Build.0 = Debug|x64
		{26A67CF6-DF5E-4B39-91F3-C997344BC4D6}.Debug|x86.ActiveCfg = Debug|Win32
		{26A67CF6-DF5E-4B39-91F3-C997344BC4D6}.Debug|x86.Build.0 = Debug|Win32
		{26A67CF6-DF5E-4B39-91F3-C997344BC4D6}.Release|x64.ActiveCfg = Release|x64
		{26A67CF6-DF5E-4B39-91F3-C997344BC4D6}.Release|x64.Build.0 = Release|x64
		{26A67CF6-DF5E-4B39-91F3-C997344BC4D6}.Release|x86.ActiveCfg = Release|Win32
		{26A67CF6-DF5E-4B39-91F3-C997344BC4D6}.Release|x86.Build.0 = Release|Win32
	EndGlobalSection
	GlobalSection(SolutionProperties) = preSolution
		HideSolutionNode = FALSE
	EndGlobalSection
	GlobalSection(ExtensibilityGlobals) = postSolution
		SolutionGuid = {7590F73D-A2AA-4E93-9917-C64898CE7B5B}
	EndGlobalSection
EndGlobal
